// !$*UTF8*$!
{
	archiveVersion = 1;
	classes = {
	};
	objectVersion = 46;
	objects = {

/* Begin PBXBuildFile section */
		021DF6751C6AF8EE005BEAF6 /* ParseDataController.swift in Sources */ = {isa = PBXBuildFile; fileRef = 021DF6741C6AF8EE005BEAF6 /* ParseDataController.swift */; };
		0223A05C1C600F7D00B5A966 /* GameDetailsViewController.swift in Sources */ = {isa = PBXBuildFile; fileRef = 0223A05B1C600F7D00B5A966 /* GameDetailsViewController.swift */; };
		024026EA1C5FDF61002F1B39 /* ParseUI.framework in Frameworks */ = {isa = PBXBuildFile; fileRef = 024026E71C5FDF61002F1B39 /* ParseUI.framework */; };
		024026EB1C5FDF61002F1B39 /* Bolts.framework in Frameworks */ = {isa = PBXBuildFile; fileRef = 024026E81C5FDF61002F1B39 /* Bolts.framework */; };
		024026EC1C5FDF61002F1B39 /* Parse.framework in Frameworks */ = {isa = PBXBuildFile; fileRef = 024026E91C5FDF61002F1B39 /* Parse.framework */; };
		024026EE1C5FDF8A002F1B39 /* AudioToolbox.framework in Frameworks */ = {isa = PBXBuildFile; fileRef = 024026ED1C5FDF8A002F1B39 /* AudioToolbox.framework */; };
		024026F01C5FDF92002F1B39 /* CFNetwork.framework in Frameworks */ = {isa = PBXBuildFile; fileRef = 024026EF1C5FDF92002F1B39 /* CFNetwork.framework */; };
		024026F21C5FDF9C002F1B39 /* CoreGraphics.framework in Frameworks */ = {isa = PBXBuildFile; fileRef = 024026F11C5FDF9C002F1B39 /* CoreGraphics.framework */; };
		024026F41C5FDFA4002F1B39 /* CoreLocation.framework in Frameworks */ = {isa = PBXBuildFile; fileRef = 024026F31C5FDFA4002F1B39 /* CoreLocation.framework */; };
		024026F61C5FDFAA002F1B39 /* QuartzCore.framework in Frameworks */ = {isa = PBXBuildFile; fileRef = 024026F51C5FDFAA002F1B39 /* QuartzCore.framework */; };
		024026F81C5FDFB0002F1B39 /* Security.framework in Frameworks */ = {isa = PBXBuildFile; fileRef = 024026F71C5FDFB0002F1B39 /* Security.framework */; };
		024026FA1C5FDFB7002F1B39 /* StoreKit.framework in Frameworks */ = {isa = PBXBuildFile; fileRef = 024026F91C5FDFB7002F1B39 /* StoreKit.framework */; };
		024026FC1C5FDFBF002F1B39 /* SystemConfiguration.framework in Frameworks */ = {isa = PBXBuildFile; fileRef = 024026FB1C5FDFBF002F1B39 /* SystemConfiguration.framework */; };
		024026FE1C5FDFC5002F1B39 /* libz.tbd in Frameworks */ = {isa = PBXBuildFile; fileRef = 024026FD1C5FDFC5002F1B39 /* libz.tbd */; };
		024027001C5FDFD0002F1B39 /* libsqlite3.tbd in Frameworks */ = {isa = PBXBuildFile; fileRef = 024026FF1C5FDFD0002F1B39 /* libsqlite3.tbd */; };
		025330F71C56FAA600B6ABDD /* Theme.swift in Sources */ = {isa = PBXBuildFile; fileRef = 025330F61C56FAA600B6ABDD /* Theme.swift */; };
		02947B4E1C6FAB9200283778 /* PlayerTypeConverter.swift in Sources */ = {isa = PBXBuildFile; fileRef = 02947B4D1C6FAB9200283778 /* PlayerTypeConverter.swift */; };
		02B2F87B1C602E99009863AB /* MapKit.framework in Frameworks */ = {isa = PBXBuildFile; fileRef = 02B2F87A1C602E99009863AB /* MapKit.framework */; };
		02B2F87E1C606018009863AB /* TNRB-Location.gpx in Resources */ = {isa = PBXBuildFile; fileRef = 02B2F87D1C606018009863AB /* TNRB-Location.gpx */; };
		02B2F8801C60666C009863AB /* HomeTableViewCell.swift in Sources */ = {isa = PBXBuildFile; fileRef = 02B2F87F1C60666C009863AB /* HomeTableViewCell.swift */; };
		02BE277E1C4DD58F0062C890 /* AppDelegate.swift in Sources */ = {isa = PBXBuildFile; fileRef = 02BE277D1C4DD58F0062C890 /* AppDelegate.swift */; };
		02BE27831C4DD58F0062C890 /* Main.storyboard in Resources */ = {isa = PBXBuildFile; fileRef = 02BE27811C4DD58F0062C890 /* Main.storyboard */; };
		02BE27881C4DD58F0062C890 /* LaunchScreen.storyboard in Resources */ = {isa = PBXBuildFile; fileRef = 02BE27861C4DD58F0062C890 /* LaunchScreen.storyboard */; };
		02DB6FEF1C740FEB00FF5C20 /* Assets.xcassets in Resources */ = {isa = PBXBuildFile; fileRef = 02DB6FEE1C740FEB00FF5C20 /* Assets.xcassets */; };
		02DB6FF11C74153F00FF5C20 /* GameMapViewController.swift in Sources */ = {isa = PBXBuildFile; fileRef = 02DB6FF01C74153F00FF5C20 /* GameMapViewController.swift */; };
		02DB6FF31C7415E800FF5C20 /* GameListViewController.swift in Sources */ = {isa = PBXBuildFile; fileRef = 02DB6FF21C7415E800FF5C20 /* GameListViewController.swift */; };
		02ED11ED1C51904C001923EB /* GameType.swift in Sources */ = {isa = PBXBuildFile; fileRef = 02ED11EC1C51904C001923EB /* GameType.swift */; };
		02ED31BB1C693CEF00B53DD3 /* HomeTableViewController.swift in Sources */ = {isa = PBXBuildFile; fileRef = 02ED31BA1C693CEF00B53DD3 /* HomeTableViewController.swift */; };
		02ED31BD1C6940A900B53DD3 /* GameTypeConverter.swift in Sources */ = {isa = PBXBuildFile; fileRef = 02ED31BC1C6940A900B53DD3 /* GameTypeConverter.swift */; };
		02ED31C11C6992B500B53DD3 /* GameConverter.swift in Sources */ = {isa = PBXBuildFile; fileRef = 02ED31C01C6992B500B53DD3 /* GameConverter.swift */; };
		02EFBF561C6BEB9B001774A2 /* GamesTableViewCell.swift in Sources */ = {isa = PBXBuildFile; fileRef = 02EFBF551C6BEB9B001774A2 /* GamesTableViewCell.swift */; };
		02F08F381C529FEE00A76EFB /* Game.swift in Sources */ = {isa = PBXBuildFile; fileRef = 02F08F371C529FEE00A76EFB /* Game.swift */; };
		02F08F3A1C52A5ED00A76EFB /* Player.swift in Sources */ = {isa = PBXBuildFile; fileRef = 02F08F391C52A5ED00A76EFB /* Player.swift */; };
/* End PBXBuildFile section */

/* Begin PBXFileReference section */
		021DF6741C6AF8EE005BEAF6 /* ParseDataController.swift */ = {isa = PBXFileReference; fileEncoding = 4; lastKnownFileType = sourcecode.swift; path = ParseDataController.swift; sourceTree = "<group>"; };
		0223A05B1C600F7D00B5A966 /* GameDetailsViewController.swift */ = {isa = PBXFileReference; fileEncoding = 4; lastKnownFileType = sourcecode.swift; path = GameDetailsViewController.swift; sourceTree = "<group>"; };
		024026E71C5FDF61002F1B39 /* ParseUI.framework */ = {isa = PBXFileReference; lastKnownFileType = wrapper.framework; path = ParseUI.framework; sourceTree = "<group>"; };
		024026E81C5FDF61002F1B39 /* Bolts.framework */ = {isa = PBXFileReference; lastKnownFileType = wrapper.framework; path = Bolts.framework; sourceTree = "<group>"; };
		024026E91C5FDF61002F1B39 /* Parse.framework */ = {isa = PBXFileReference; lastKnownFileType = wrapper.framework; path = Parse.framework; sourceTree = "<group>"; };
		024026ED1C5FDF8A002F1B39 /* AudioToolbox.framework */ = {isa = PBXFileReference; lastKnownFileType = wrapper.framework; name = AudioToolbox.framework; path = System/Library/Frameworks/AudioToolbox.framework; sourceTree = SDKROOT; };
		024026EF1C5FDF92002F1B39 /* CFNetwork.framework */ = {isa = PBXFileReference; lastKnownFileType = wrapper.framework; name = CFNetwork.framework; path = System/Library/Frameworks/CFNetwork.framework; sourceTree = SDKROOT; };
		024026F11C5FDF9C002F1B39 /* CoreGraphics.framework */ = {isa = PBXFileReference; lastKnownFileType = wrapper.framework; name = CoreGraphics.framework; path = System/Library/Frameworks/CoreGraphics.framework; sourceTree = SDKROOT; };
		024026F31C5FDFA4002F1B39 /* CoreLocation.framework */ = {isa = PBXFileReference; lastKnownFileType = wrapper.framework; name = CoreLocation.framework; path = System/Library/Frameworks/CoreLocation.framework; sourceTree = SDKROOT; };
		024026F51C5FDFAA002F1B39 /* QuartzCore.framework */ = {isa = PBXFileReference; lastKnownFileType = wrapper.framework; name = QuartzCore.framework; path = System/Library/Frameworks/QuartzCore.framework; sourceTree = SDKROOT; };
		024026F71C5FDFB0002F1B39 /* Security.framework */ = {isa = PBXFileReference; lastKnownFileType = wrapper.framework; name = Security.framework; path = System/Library/Frameworks/Security.framework; sourceTree = SDKROOT; };
		024026F91C5FDFB7002F1B39 /* StoreKit.framework */ = {isa = PBXFileReference; lastKnownFileType = wrapper.framework; name = StoreKit.framework; path = System/Library/Frameworks/StoreKit.framework; sourceTree = SDKROOT; };
		024026FB1C5FDFBF002F1B39 /* SystemConfiguration.framework */ = {isa = PBXFileReference; lastKnownFileType = wrapper.framework; name = SystemConfiguration.framework; path = System/Library/Frameworks/SystemConfiguration.framework; sourceTree = SDKROOT; };
		024026FD1C5FDFC5002F1B39 /* libz.tbd */ = {isa = PBXFileReference; lastKnownFileType = "sourcecode.text-based-dylib-definition"; name = libz.tbd; path = usr/lib/libz.tbd; sourceTree = SDKROOT; };
		024026FF1C5FDFD0002F1B39 /* libsqlite3.tbd */ = {isa = PBXFileReference; lastKnownFileType = "sourcecode.text-based-dylib-definition"; name = libsqlite3.tbd; path = usr/lib/libsqlite3.tbd; sourceTree = SDKROOT; };
		025330F61C56FAA600B6ABDD /* Theme.swift */ = {isa = PBXFileReference; fileEncoding = 4; lastKnownFileType = sourcecode.swift; path = Theme.swift; sourceTree = "<group>"; };
		02947B4D1C6FAB9200283778 /* PlayerTypeConverter.swift */ = {isa = PBXFileReference; fileEncoding = 4; lastKnownFileType = sourcecode.swift; path = PlayerTypeConverter.swift; sourceTree = "<group>"; };
		02B2F87A1C602E99009863AB /* MapKit.framework */ = {isa = PBXFileReference; lastKnownFileType = wrapper.framework; name = MapKit.framework; path = System/Library/Frameworks/MapKit.framework; sourceTree = SDKROOT; };
		02B2F87D1C606018009863AB /* TNRB-Location.gpx */ = {isa = PBXFileReference; fileEncoding = 4; lastKnownFileType = text; name = "TNRB-Location.gpx"; path = "../TNRB-Location.gpx"; sourceTree = "<group>"; };
		02B2F87F1C60666C009863AB /* HomeTableViewCell.swift */ = {isa = PBXFileReference; fileEncoding = 4; lastKnownFileType = sourcecode.swift; path = HomeTableViewCell.swift; sourceTree = "<group>"; };
		02BE277A1C4DD58F0062C890 /* Pickup.app */ = {isa = PBXFileReference; explicitFileType = wrapper.application; includeInIndex = 0; path = Pickup.app; sourceTree = BUILT_PRODUCTS_DIR; };
		02BE277D1C4DD58F0062C890 /* AppDelegate.swift */ = {isa = PBXFileReference; lastKnownFileType = sourcecode.swift; path = AppDelegate.swift; sourceTree = "<group>"; };
		02BE27821C4DD58F0062C890 /* Base */ = {isa = PBXFileReference; lastKnownFileType = file.storyboard; name = Base; path = Base.lproj/Main.storyboard; sourceTree = "<group>"; };
		02BE27871C4DD58F0062C890 /* Base */ = {isa = PBXFileReference; lastKnownFileType = file.storyboard; name = Base; path = Base.lproj/LaunchScreen.storyboard; sourceTree = "<group>"; };
		02BE27891C4DD58F0062C890 /* Info.plist */ = {isa = PBXFileReference; lastKnownFileType = text.plist.xml; path = Info.plist; sourceTree = "<group>"; };
		02DB6FEE1C740FEB00FF5C20 /* Assets.xcassets */ = {isa = PBXFileReference; lastKnownFileType = folder.assetcatalog; path = Assets.xcassets; sourceTree = "<group>"; };
		02DB6FF01C74153F00FF5C20 /* GameMapViewController.swift */ = {isa = PBXFileReference; fileEncoding = 4; lastKnownFileType = sourcecode.swift; path = GameMapViewController.swift; sourceTree = "<group>"; };
		02DB6FF21C7415E800FF5C20 /* GameListViewController.swift */ = {isa = PBXFileReference; fileEncoding = 4; lastKnownFileType = sourcecode.swift; path = GameListViewController.swift; sourceTree = "<group>"; };
		02ED11EC1C51904C001923EB /* GameType.swift */ = {isa = PBXFileReference; fileEncoding = 4; lastKnownFileType = sourcecode.swift; name = GameType.swift; path = ../GameType.swift; sourceTree = "<group>"; };
		02ED31BA1C693CEF00B53DD3 /* HomeTableViewController.swift */ = {isa = PBXFileReference; fileEncoding = 4; lastKnownFileType = sourcecode.swift; name = HomeTableViewController.swift; path = ../HomeTableViewController.swift; sourceTree = "<group>"; };
		02ED31BC1C6940A900B53DD3 /* GameTypeConverter.swift */ = {isa = PBXFileReference; fileEncoding = 4; lastKnownFileType = sourcecode.swift; path = GameTypeConverter.swift; sourceTree = "<group>"; };
		02ED31C01C6992B500B53DD3 /* GameConverter.swift */ = {isa = PBXFileReference; fileEncoding = 4; lastKnownFileType = sourcecode.swift; path = GameConverter.swift; sourceTree = "<group>"; };
		02EFBF551C6BEB9B001774A2 /* GamesTableViewCell.swift */ = {isa = PBXFileReference; fileEncoding = 4; lastKnownFileType = sourcecode.swift; path = GamesTableViewCell.swift; sourceTree = "<group>"; };
		02F08F371C529FEE00A76EFB /* Game.swift */ = {isa = PBXFileReference; fileEncoding = 4; lastKnownFileType = sourcecode.swift; name = Game.swift; path = ../Game.swift; sourceTree = "<group>"; };
		02F08F391C52A5ED00A76EFB /* Player.swift */ = {isa = PBXFileReference; fileEncoding = 4; lastKnownFileType = sourcecode.swift; path = Player.swift; sourceTree = "<group>"; };
/* End PBXFileReference section */

/* Begin PBXFrameworksBuildPhase section */
		02BE27771C4DD58F0062C890 /* Frameworks */ = {
			isa = PBXFrameworksBuildPhase;
			buildActionMask = 2147483647;
			files = (
				02B2F87B1C602E99009863AB /* MapKit.framework in Frameworks */,
				024027001C5FDFD0002F1B39 /* libsqlite3.tbd in Frameworks */,
				024026FE1C5FDFC5002F1B39 /* libz.tbd in Frameworks */,
				024026FC1C5FDFBF002F1B39 /* SystemConfiguration.framework in Frameworks */,
				024026FA1C5FDFB7002F1B39 /* StoreKit.framework in Frameworks */,
				024026F81C5FDFB0002F1B39 /* Security.framework in Frameworks */,
				024026F61C5FDFAA002F1B39 /* QuartzCore.framework in Frameworks */,
				024026F41C5FDFA4002F1B39 /* CoreLocation.framework in Frameworks */,
				024026F21C5FDF9C002F1B39 /* CoreGraphics.framework in Frameworks */,
				024026F01C5FDF92002F1B39 /* CFNetwork.framework in Frameworks */,
				024026EE1C5FDF8A002F1B39 /* AudioToolbox.framework in Frameworks */,
				024026EA1C5FDF61002F1B39 /* ParseUI.framework in Frameworks */,
				024026EC1C5FDF61002F1B39 /* Parse.framework in Frameworks */,
				024026EB1C5FDF61002F1B39 /* Bolts.framework in Frameworks */,
			);
			runOnlyForDeploymentPostprocessing = 0;
		};
/* End PBXFrameworksBuildPhase section */

/* Begin PBXGroup section */
		024026CC1C5FDD83002F1B39 /* Frameworks */ = {
			isa = PBXGroup;
			children = (
				02B2F87A1C602E99009863AB /* MapKit.framework */,
				024026FF1C5FDFD0002F1B39 /* libsqlite3.tbd */,
				024026FD1C5FDFC5002F1B39 /* libz.tbd */,
				024026FB1C5FDFBF002F1B39 /* SystemConfiguration.framework */,
				024026F91C5FDFB7002F1B39 /* StoreKit.framework */,
				024026F71C5FDFB0002F1B39 /* Security.framework */,
				024026F51C5FDFAA002F1B39 /* QuartzCore.framework */,
				024026F31C5FDFA4002F1B39 /* CoreLocation.framework */,
				024026F11C5FDF9C002F1B39 /* CoreGraphics.framework */,
				024026EF1C5FDF92002F1B39 /* CFNetwork.framework */,
				024026ED1C5FDF8A002F1B39 /* AudioToolbox.framework */,
				024026E71C5FDF61002F1B39 /* ParseUI.framework */,
				024026E81C5FDF61002F1B39 /* Bolts.framework */,
				024026E91C5FDF61002F1B39 /* Parse.framework */,
			);
			name = Frameworks;
			sourceTree = "<group>";
		};
		02BE27711C4DD58F0062C890 = {
			isa = PBXGroup;
			children = (
				02BE277C1C4DD58F0062C890 /* Pickup */,
				02BE277B1C4DD58F0062C890 /* Products */,
				02DB6FEE1C740FEB00FF5C20 /* Assets.xcassets */,
			);
			sourceTree = "<group>";
		};
		02BE277B1C4DD58F0062C890 /* Products */ = {
			isa = PBXGroup;
			children = (
				02BE277A1C4DD58F0062C890 /* Pickup.app */,
			);
			name = Products;
			sourceTree = "<group>";
		};
		02BE277C1C4DD58F0062C890 /* Pickup */ = {
			isa = PBXGroup;
			children = (
				02ED11EA1C518FF1001923EB /* View */,
				02ED11EB1C518FFF001923EB /* Controller */,
				02ED11E91C518FEC001923EB /* Model */,
				02ED31C21C6992BF00B53DD3 /* DataConversion */,
				024026CC1C5FDD83002F1B39 /* Frameworks */,
				02D821751C5C2F38000999B6 /* SupportFiles */,
			);
			path = Pickup;
			sourceTree = "<group>";
		};
		02D821751C5C2F38000999B6 /* SupportFiles */ = {
			isa = PBXGroup;
			children = (
				02BE27891C4DD58F0062C890 /* Info.plist */,
				02B2F87D1C606018009863AB /* TNRB-Location.gpx */,
			);
			name = SupportFiles;
			sourceTree = "<group>";
		};
		02ED11E91C518FEC001923EB /* Model */ = {
			isa = PBXGroup;
			children = (
				02F08F371C529FEE00A76EFB /* Game.swift */,
				02F08F391C52A5ED00A76EFB /* Player.swift */,
				02ED11EC1C51904C001923EB /* GameType.swift */,
			);
			name = Model;
			sourceTree = "<group>";
		};
		02ED11EA1C518FF1001923EB /* View */ = {
			isa = PBXGroup;
			children = (
				02BE27811C4DD58F0062C890 /* Main.storyboard */,
				02BE27861C4DD58F0062C890 /* LaunchScreen.storyboard */,
				025330F61C56FAA600B6ABDD /* Theme.swift */,
			);
			name = View;
			sourceTree = "<group>";
		};
		02ED11EB1C518FFF001923EB /* Controller */ = {
			isa = PBXGroup;
			children = (
				02DB6FF21C7415E800FF5C20 /* GameListViewController.swift */,
				02ED31BA1C693CEF00B53DD3 /* HomeTableViewController.swift */,
				0223A05B1C600F7D00B5A966 /* GameDetailsViewController.swift */,
				02B2F87F1C60666C009863AB /* HomeTableViewCell.swift */,
				02DB6FF01C74153F00FF5C20 /* GameMapViewController.swift */,
				02EFBF551C6BEB9B001774A2 /* GamesTableViewCell.swift */,
				02BE277D1C4DD58F0062C890 /* AppDelegate.swift */,
			);
			name = Controller;
			sourceTree = "<group>";
		};
		02ED31C21C6992BF00B53DD3 /* DataConversion */ = {
			isa = PBXGroup;
			children = (
				021DF6741C6AF8EE005BEAF6 /* ParseDataController.swift */,
				02ED31BC1C6940A900B53DD3 /* GameTypeConverter.swift */,
				02947B4D1C6FAB9200283778 /* PlayerTypeConverter.swift */,
				02ED31C01C6992B500B53DD3 /* GameConverter.swift */,
			);
			name = DataConversion;
			sourceTree = "<group>";
		};
/* End PBXGroup section */

/* Begin PBXNativeTarget section */
		02BE27791C4DD58F0062C890 /* Pickup */ = {
			isa = PBXNativeTarget;
			buildConfigurationList = 02BE278C1C4DD58F0062C890 /* Build configuration list for PBXNativeTarget "Pickup" */;
			buildPhases = (
				02BE27761C4DD58F0062C890 /* Sources */,
				02BE27771C4DD58F0062C890 /* Frameworks */,
				02BE27781C4DD58F0062C890 /* Resources */,
			);
			buildRules = (
			);
			dependencies = (
			);
			name = Pickup;
			productName = Pickup;
			productReference = 02BE277A1C4DD58F0062C890 /* Pickup.app */;
			productType = "com.apple.product-type.application";
		};
/* End PBXNativeTarget section */

/* Begin PBXProject section */
		02BE27721C4DD58F0062C890 /* Project object */ = {
			isa = PBXProject;
			attributes = {
				LastSwiftUpdateCheck = 0720;
				LastUpgradeCheck = 0720;
				ORGANIZATIONNAME = Pickup;
				TargetAttributes = {
					02BE27791C4DD58F0062C890 = {
						CreatedOnToolsVersion = 7.2;
						DevelopmentTeam = 688R963LPG;
					};
				};
			};
			buildConfigurationList = 02BE27751C4DD58F0062C890 /* Build configuration list for PBXProject "Pickup" */;
			compatibilityVersion = "Xcode 3.2";
			developmentRegion = English;
			hasScannedForEncodings = 0;
			knownRegions = (
				en,
				Base,
			);
			mainGroup = 02BE27711C4DD58F0062C890;
			productRefGroup = 02BE277B1C4DD58F0062C890 /* Products */;
			projectDirPath = "";
			projectRoot = "";
			targets = (
				02BE27791C4DD58F0062C890 /* Pickup */,
			);
		};
/* End PBXProject section */

/* Begin PBXResourcesBuildPhase section */
		02BE27781C4DD58F0062C890 /* Resources */ = {
			isa = PBXResourcesBuildPhase;
			buildActionMask = 2147483647;
			files = (
				02BE27881C4DD58F0062C890 /* LaunchScreen.storyboard in Resources */,
				02B2F87E1C606018009863AB /* TNRB-Location.gpx in Resources */,
				02DB6FEF1C740FEB00FF5C20 /* Assets.xcassets in Resources */,
				02BE27831C4DD58F0062C890 /* Main.storyboard in Resources */,
			);
			runOnlyForDeploymentPostprocessing = 0;
		};
/* End PBXResourcesBuildPhase section */

/* Begin PBXSourcesBuildPhase section */
		02BE27761C4DD58F0062C890 /* Sources */ = {
			isa = PBXSourcesBuildPhase;
			buildActionMask = 2147483647;
			files = (
				025330F71C56FAA600B6ABDD /* Theme.swift in Sources */,
				02947B4E1C6FAB9200283778 /* PlayerTypeConverter.swift in Sources */,
				021DF6751C6AF8EE005BEAF6 /* ParseDataController.swift in Sources */,
				02EFBF561C6BEB9B001774A2 /* GamesTableViewCell.swift in Sources */,
				0223A05C1C600F7D00B5A966 /* GameDetailsViewController.swift in Sources */,
				02BE277E1C4DD58F0062C890 /* AppDelegate.swift in Sources */,
				02DB6FF11C74153F00FF5C20 /* GameMapViewController.swift in Sources */,
				02ED11ED1C51904C001923EB /* GameType.swift in Sources */,
				02ED31C11C6992B500B53DD3 /* GameConverter.swift in Sources */,
				02B2F8801C60666C009863AB /* HomeTableViewCell.swift in Sources */,
				02ED31BB1C693CEF00B53DD3 /* HomeTableViewController.swift in Sources */,
				02DB6FF31C7415E800FF5C20 /* GameListViewController.swift in Sources */,
				02F08F3A1C52A5ED00A76EFB /* Player.swift in Sources */,
				02F08F381C529FEE00A76EFB /* Game.swift in Sources */,
				02ED31BD1C6940A900B53DD3 /* GameTypeConverter.swift in Sources */,
			);
			runOnlyForDeploymentPostprocessing = 0;
		};
/* End PBXSourcesBuildPhase section */

/* Begin PBXVariantGroup section */
		02BE27811C4DD58F0062C890 /* Main.storyboard */ = {
			isa = PBXVariantGroup;
			children = (
				02BE27821C4DD58F0062C890 /* Base */,
			);
			name = Main.storyboard;
			sourceTree = "<group>";
		};
		02BE27861C4DD58F0062C890 /* LaunchScreen.storyboard */ = {
			isa = PBXVariantGroup;
			children = (
				02BE27871C4DD58F0062C890 /* Base */,
			);
			name = LaunchScreen.storyboard;
			sourceTree = "<group>";
		};
/* End PBXVariantGroup section */

/* Begin XCBuildConfiguration section */
		02BE278A1C4DD58F0062C890 /* Debug */ = {
			isa = XCBuildConfiguration;
			buildSettings = {
				ALWAYS_SEARCH_USER_PATHS = NO;
				CLANG_CXX_LANGUAGE_STANDARD = "gnu++0x";
				CLANG_CXX_LIBRARY = "libc++";
				CLANG_ENABLE_MODULES = YES;
				CLANG_ENABLE_OBJC_ARC = YES;
				CLANG_WARN_BOOL_CONVERSION = YES;
				CLANG_WARN_CONSTANT_CONVERSION = YES;
				CLANG_WARN_DIRECT_OBJC_ISA_USAGE = YES_ERROR;
				CLANG_WARN_EMPTY_BODY = YES;
				CLANG_WARN_ENUM_CONVERSION = YES;
				CLANG_WARN_INT_CONVERSION = YES;
				CLANG_WARN_OBJC_ROOT_CLASS = YES_ERROR;
				CLANG_WARN_UNREACHABLE_CODE = YES;
				CLANG_WARN__DUPLICATE_METHOD_MATCH = YES;
				"CODE_SIGN_IDENTITY[sdk=iphoneos*]" = "iPhone Developer";
				COPY_PHASE_STRIP = NO;
				DEBUG_INFORMATION_FORMAT = dwarf;
				ENABLE_STRICT_OBJC_MSGSEND = YES;
				ENABLE_TESTABILITY = YES;
				GCC_C_LANGUAGE_STANDARD = gnu99;
				GCC_DYNAMIC_NO_PIC = NO;
				GCC_NO_COMMON_BLOCKS = YES;
				GCC_OPTIMIZATION_LEVEL = 0;
				GCC_PREPROCESSOR_DEFINITIONS = (
					"DEBUG=1",
					"$(inherited)",
				);
				GCC_WARN_64_TO_32_BIT_CONVERSION = YES;
				GCC_WARN_ABOUT_RETURN_TYPE = YES_ERROR;
				GCC_WARN_UNDECLARED_SELECTOR = YES;
				GCC_WARN_UNINITIALIZED_AUTOS = YES_AGGRESSIVE;
				GCC_WARN_UNUSED_FUNCTION = YES;
				GCC_WARN_UNUSED_VARIABLE = YES;
				IPHONEOS_DEPLOYMENT_TARGET = 9.2;
				MTL_ENABLE_DEBUG_INFO = YES;
				ONLY_ACTIVE_ARCH = YES;
				SDKROOT = iphoneos;
				SWIFT_OPTIMIZATION_LEVEL = "-Onone";
			};
			name = Debug;
		};
		02BE278B1C4DD58F0062C890 /* Release */ = {
			isa = XCBuildConfiguration;
			buildSettings = {
				ALWAYS_SEARCH_USER_PATHS = NO;
				CLANG_CXX_LANGUAGE_STANDARD = "gnu++0x";
				CLANG_CXX_LIBRARY = "libc++";
				CLANG_ENABLE_MODULES = YES;
				CLANG_ENABLE_OBJC_ARC = YES;
				CLANG_WARN_BOOL_CONVERSION = YES;
				CLANG_WARN_CONSTANT_CONVERSION = YES;
				CLANG_WARN_DIRECT_OBJC_ISA_USAGE = YES_ERROR;
				CLANG_WARN_EMPTY_BODY = YES;
				CLANG_WARN_ENUM_CONVERSION = YES;
				CLANG_WARN_INT_CONVERSION = YES;
				CLANG_WARN_OBJC_ROOT_CLASS = YES_ERROR;
				CLANG_WARN_UNREACHABLE_CODE = YES;
				CLANG_WARN__DUPLICATE_METHOD_MATCH = YES;
				"CODE_SIGN_IDENTITY[sdk=iphoneos*]" = "iPhone Developer";
				COPY_PHASE_STRIP = NO;
				DEBUG_INFORMATION_FORMAT = "dwarf-with-dsym";
				ENABLE_NS_ASSERTIONS = NO;
				ENABLE_STRICT_OBJC_MSGSEND = YES;
				GCC_C_LANGUAGE_STANDARD = gnu99;
				GCC_NO_COMMON_BLOCKS = YES;
				GCC_WARN_64_TO_32_BIT_CONVERSION = YES;
				GCC_WARN_ABOUT_RETURN_TYPE = YES_ERROR;
				GCC_WARN_UNDECLARED_SELECTOR = YES;
				GCC_WARN_UNINITIALIZED_AUTOS = YES_AGGRESSIVE;
				GCC_WARN_UNUSED_FUNCTION = YES;
				GCC_WARN_UNUSED_VARIABLE = YES;
				IPHONEOS_DEPLOYMENT_TARGET = 9.2;
				MTL_ENABLE_DEBUG_INFO = NO;
				SDKROOT = iphoneos;
				VALIDATE_PRODUCT = YES;
			};
			name = Release;
		};
		02BE278D1C4DD58F0062C890 /* Debug */ = {
			isa = XCBuildConfiguration;
			buildSettings = {
				ASSETCATALOG_COMPILER_APPICON_NAME = AppIcon;
				CLANG_ALLOW_NON_MODULAR_INCLUDES_IN_FRAMEWORK_MODULES = NO;
				CLANG_ENABLE_MODULES = YES;
				CODE_SIGN_IDENTITY = "iPhone Developer";
				"CODE_SIGN_IDENTITY[sdk=iphoneos*]" = "iPhone Developer";
				FRAMEWORK_SEARCH_PATHS = (
					"$(inherited)",
					"$(PROJECT_DIR)",
					"$(PROJECT_DIR)/Pickup",
				);
				INFOPLIST_FILE = Pickup/Info.plist;
				LD_RUNPATH_SEARCH_PATHS = "$(inherited) @executable_path/Frameworks";
				LIBRARY_SEARCH_PATHS = (
					"$(inherited)",
					"$(PROJECT_DIR)/Pickup",
				);
				PRODUCT_BUNDLE_IDENTIFIER = com.pickup.PickupSports;
				PRODUCT_NAME = "$(TARGET_NAME)";
				PROVISIONING_PROFILE = "";
				SWIFT_OPTIMIZATION_LEVEL = "-Onone";
			};
			name = Debug;
		};
		02BE278E1C4DD58F0062C890 /* Release */ = {
			isa = XCBuildConfiguration;
			buildSettings = {
				ASSETCATALOG_COMPILER_APPICON_NAME = AppIcon;
				CLANG_ALLOW_NON_MODULAR_INCLUDES_IN_FRAMEWORK_MODULES = NO;
				CLANG_ENABLE_MODULES = YES;
				CODE_SIGN_IDENTITY = "iPhone Developer";
				"CODE_SIGN_IDENTITY[sdk=iphoneos*]" = "iPhone Developer";
				FRAMEWORK_SEARCH_PATHS = (
					"$(inherited)",
					"$(PROJECT_DIR)",
					"$(PROJECT_DIR)/Pickup",
				);
				INFOPLIST_FILE = Pickup/Info.plist;
				LD_RUNPATH_SEARCH_PATHS = "$(inherited) @executable_path/Frameworks";
				LIBRARY_SEARCH_PATHS = (
					"$(inherited)",
					"$(PROJECT_DIR)/Pickup",
				);
				PRODUCT_BUNDLE_IDENTIFIER = com.pickup.PickupSports;
				PRODUCT_NAME = "$(TARGET_NAME)";
				PROVISIONING_PROFILE = "";
			};
			name = Release;
		};
/* End XCBuildConfiguration section */

/* Begin XCConfigurationList section */
		02BE27751C4DD58F0062C890 /* Build configuration list for PBXProject "Pickup" */ = {
			isa = XCConfigurationList;
			buildConfigurations = (
				02BE278A1C4DD58F0062C890 /* Debug */,
				02BE278B1C4DD58F0062C890 /* Release */,
			);
			defaultConfigurationIsVisible = 0;
			defaultConfigurationName = Release;
		};
		02BE278C1C4DD58F0062C890 /* Build configuration list for PBXNativeTarget "Pickup" */ = {
			isa = XCConfigurationList;
			buildConfigurations = (
				02BE278D1C4DD58F0062C890 /* Debug */,
				02BE278E1C4DD58F0062C890 /* Release */,
			);
			defaultConfigurationIsVisible = 0;
			defaultConfigurationName = Release;
		};
/* End XCConfigurationList section */
	};
	rootObject = 02BE27721C4DD58F0062C890 /* Project object */;
}
