// !$*UTF8*$!
{
	archiveVersion = 1;
	classes = {
	};
	objectVersion = 46;
	objects = {

/* Begin PBXBuildFile section */
		025330F71C56FAA600B6ABDD /* Theme.swift in Sources */ = {isa = PBXBuildFile; fileRef = 025330F61C56FAA600B6ABDD /* Theme.swift */; };
		02B2F4AC1C5454730094766E /* Images.xcassets in Resources */ = {isa = PBXBuildFile; fileRef = 02B2F4AB1C5454730094766E /* Images.xcassets */; };
		02B4E2F31C53FD2F000CC86C /* GamesViewController.swift in Sources */ = {isa = PBXBuildFile; fileRef = 02B4E2F21C53FD2F000CC86C /* GamesViewController.swift */; };
		02B4E2F51C53FD4D000CC86C /* GameDetailViewController.swift in Sources */ = {isa = PBXBuildFile; fileRef = 02B4E2F41C53FD4D000CC86C /* GameDetailViewController.swift */; };
		02BE277E1C4DD58F0062C890 /* AppDelegate.swift in Sources */ = {isa = PBXBuildFile; fileRef = 02BE277D1C4DD58F0062C890 /* AppDelegate.swift */; };
		02BE27831C4DD58F0062C890 /* Main.storyboard in Resources */ = {isa = PBXBuildFile; fileRef = 02BE27811C4DD58F0062C890 /* Main.storyboard */; };
		02BE27881C4DD58F0062C890 /* LaunchScreen.storyboard in Resources */ = {isa = PBXBuildFile; fileRef = 02BE27861C4DD58F0062C890 /* LaunchScreen.storyboard */; };
		02ED11ED1C51904C001923EB /* GameType.swift in Sources */ = {isa = PBXBuildFile; fileRef = 02ED11EC1C51904C001923EB /* GameType.swift */; };
		02F08F381C529FEE00A76EFB /* Game.swift in Sources */ = {isa = PBXBuildFile; fileRef = 02F08F371C529FEE00A76EFB /* Game.swift */; };
		02F08F3A1C52A5ED00A76EFB /* Player.swift in Sources */ = {isa = PBXBuildFile; fileRef = 02F08F391C52A5ED00A76EFB /* Player.swift */; };
		02F08F3C1C52A7DF00A76EFB /* DummyDataController.swift in Sources */ = {isa = PBXBuildFile; fileRef = 02F08F3B1C52A7DF00A76EFB /* DummyDataController.swift */; };
		02F08F401C52ADF600A76EFB /* HomeViewController.swift in Sources */ = {isa = PBXBuildFile; fileRef = 02F08F3F1C52ADF600A76EFB /* HomeViewController.swift */; };
		95D70F32D024F5D70DF2F30B /* libPods.a in Frameworks */ = {isa = PBXBuildFile; fileRef = 53E9AE5AEDF4229059622862 /* libPods.a */; };
/* End PBXBuildFile section */

/* Begin PBXFileReference section */
		025330F61C56FAA600B6ABDD /* Theme.swift */ = {isa = PBXFileReference; fileEncoding = 4; lastKnownFileType = sourcecode.swift; path = Theme.swift; sourceTree = "<group>"; };
		02B2F4AB1C5454730094766E /* Images.xcassets */ = {isa = PBXFileReference; lastKnownFileType = folder.assetcatalog; path = Images.xcassets; sourceTree = "<group>"; };
		02B4E2F21C53FD2F000CC86C /* GamesViewController.swift */ = {isa = PBXFileReference; fileEncoding = 4; lastKnownFileType = sourcecode.swift; path = GamesViewController.swift; sourceTree = "<group>"; };
		02B4E2F41C53FD4D000CC86C /* GameDetailViewController.swift */ = {isa = PBXFileReference; fileEncoding = 4; lastKnownFileType = sourcecode.swift; name = GameDetailViewController.swift; path = ../GameDetailViewController.swift; sourceTree = "<group>"; };
		02BE277A1C4DD58F0062C890 /* Pickup.app */ = {isa = PBXFileReference; explicitFileType = wrapper.application; includeInIndex = 0; path = Pickup.app; sourceTree = BUILT_PRODUCTS_DIR; };
		02BE277D1C4DD58F0062C890 /* AppDelegate.swift */ = {isa = PBXFileReference; lastKnownFileType = sourcecode.swift; path = AppDelegate.swift; sourceTree = "<group>"; };
		02BE27821C4DD58F0062C890 /* Base */ = {isa = PBXFileReference; lastKnownFileType = file.storyboard; name = Base; path = Base.lproj/Main.storyboard; sourceTree = "<group>"; };
		02BE27871C4DD58F0062C890 /* Base */ = {isa = PBXFileReference; lastKnownFileType = file.storyboard; name = Base; path = Base.lproj/LaunchScreen.storyboard; sourceTree = "<group>"; };
		02BE27891C4DD58F0062C890 /* Info.plist */ = {isa = PBXFileReference; lastKnownFileType = text.plist.xml; path = Info.plist; sourceTree = "<group>"; };
		02D821711C5C2EA7000999B6 /* Pickup-Bridging-Header.h */ = {isa = PBXFileReference; lastKnownFileType = sourcecode.c.h; path = "Pickup-Bridging-Header.h"; sourceTree = "<group>"; };
		02ED11EC1C51904C001923EB /* GameType.swift */ = {isa = PBXFileReference; fileEncoding = 4; lastKnownFileType = sourcecode.swift; name = GameType.swift; path = ../GameType.swift; sourceTree = "<group>"; };
		02F08F371C529FEE00A76EFB /* Game.swift */ = {isa = PBXFileReference; fileEncoding = 4; lastKnownFileType = sourcecode.swift; name = Game.swift; path = ../Game.swift; sourceTree = "<group>"; };
		02F08F391C52A5ED00A76EFB /* Player.swift */ = {isa = PBXFileReference; fileEncoding = 4; lastKnownFileType = sourcecode.swift; path = Player.swift; sourceTree = "<group>"; };
		02F08F3B1C52A7DF00A76EFB /* DummyDataController.swift */ = {isa = PBXFileReference; fileEncoding = 4; lastKnownFileType = sourcecode.swift; path = DummyDataController.swift; sourceTree = "<group>"; };
		02F08F3F1C52ADF600A76EFB /* HomeViewController.swift */ = {isa = PBXFileReference; fileEncoding = 4; lastKnownFileType = sourcecode.swift; name = HomeViewController.swift; path = ../HomeViewController.swift; sourceTree = "<group>"; };
		2BBDCC8D68091F547D21395A /* Pods.debug.xcconfig */ = {isa = PBXFileReference; includeInIndex = 1; lastKnownFileType = text.xcconfig; name = Pods.debug.xcconfig; path = "Pods/Target Support Files/Pods/Pods.debug.xcconfig"; sourceTree = "<group>"; };
		53E9AE5AEDF4229059622862 /* libPods.a */ = {isa = PBXFileReference; explicitFileType = archive.ar; includeInIndex = 0; path = libPods.a; sourceTree = BUILT_PRODUCTS_DIR; };
		9F2736546A233D7FAFFF1A53 /* Pods.release.xcconfig */ = {isa = PBXFileReference; includeInIndex = 1; lastKnownFileType = text.xcconfig; name = Pods.release.xcconfig; path = "Pods/Target Support Files/Pods/Pods.release.xcconfig"; sourceTree = "<group>"; };
/* End PBXFileReference section */

/* Begin PBXFrameworksBuildPhase section */
		02BE27771C4DD58F0062C890 /* Frameworks */ = {
			isa = PBXFrameworksBuildPhase;
			buildActionMask = 2147483647;
			files = (
				95D70F32D024F5D70DF2F30B /* libPods.a in Frameworks */,
			);
			runOnlyForDeploymentPostprocessing = 0;
		};
/* End PBXFrameworksBuildPhase section */

/* Begin PBXGroup section */
		0249D39C1C5C27AE000BED70 /* Frameworks */ = {
			isa = PBXGroup;
			children = (
				53E9AE5AEDF4229059622862 /* libPods.a */,
			);
			name = Frameworks;
			sourceTree = "<group>";
		};
		02BE27711C4DD58F0062C890 = {
			isa = PBXGroup;
			children = (
				02BE277C1C4DD58F0062C890 /* Pickup */,
				02BE277B1C4DD58F0062C890 /* Products */,
				0249D39C1C5C27AE000BED70 /* Frameworks */,
				02B2F4AB1C5454730094766E /* Images.xcassets */,
				62C14AA9A4598F36610F7634 /* Pods */,
			);
			sourceTree = "<group>";
		};
		02BE277B1C4DD58F0062C890 /* Products */ = {
			isa = PBXGroup;
			children = (
				02BE277A1C4DD58F0062C890 /* Pickup.app */,
			);
			name = Products;
			sourceTree = "<group>";
		};
		02BE277C1C4DD58F0062C890 /* Pickup */ = {
			isa = PBXGroup;
			children = (
				02ED11EA1C518FF1001923EB /* View */,
				02ED11EB1C518FFF001923EB /* Controller */,
				02ED11E91C518FEC001923EB /* Model */,
				02BE27891C4DD58F0062C890 /* Info.plist */,
				02D821751C5C2F38000999B6 /* SupportFiles */,
			);
			path = Pickup;
			sourceTree = "<group>";
		};
		02D821751C5C2F38000999B6 /* SupportFiles */ = {
			isa = PBXGroup;
			children = (
				02D821711C5C2EA7000999B6 /* Pickup-Bridging-Header.h */,
			);
			name = SupportFiles;
			sourceTree = "<group>";
		};
		02ED11E91C518FEC001923EB /* Model */ = {
			isa = PBXGroup;
			children = (
				02F08F371C529FEE00A76EFB /* Game.swift */,
				02F08F391C52A5ED00A76EFB /* Player.swift */,
				02ED11EC1C51904C001923EB /* GameType.swift */,
			);
			name = Model;
			sourceTree = "<group>";
		};
		02ED11EA1C518FF1001923EB /* View */ = {
			isa = PBXGroup;
			children = (
				02BE27811C4DD58F0062C890 /* Main.storyboard */,
				02BE27861C4DD58F0062C890 /* LaunchScreen.storyboard */,
				025330F61C56FAA600B6ABDD /* Theme.swift */,
			);
			name = View;
			sourceTree = "<group>";
		};
		02ED11EB1C518FFF001923EB /* Controller */ = {
			isa = PBXGroup;
			children = (
				02B4E2F41C53FD4D000CC86C /* GameDetailViewController.swift */,
				02B4E2F21C53FD2F000CC86C /* GamesViewController.swift */,
				02F08F3F1C52ADF600A76EFB /* HomeViewController.swift */,
				02F08F3B1C52A7DF00A76EFB /* DummyDataController.swift */,
				02BE277D1C4DD58F0062C890 /* AppDelegate.swift */,
			);
			name = Controller;
			sourceTree = "<group>";
		};
		62C14AA9A4598F36610F7634 /* Pods */ = {
			isa = PBXGroup;
			children = (
				2BBDCC8D68091F547D21395A /* Pods.debug.xcconfig */,
				9F2736546A233D7FAFFF1A53 /* Pods.release.xcconfig */,
			);
			name = Pods;
			sourceTree = "<group>";
		};
/* End PBXGroup section */

/* Begin PBXNativeTarget section */
		02BE27791C4DD58F0062C890 /* Pickup */ = {
			isa = PBXNativeTarget;
			buildConfigurationList = 02BE278C1C4DD58F0062C890 /* Build configuration list for PBXNativeTarget "Pickup" */;
			buildPhases = (
				5D656F3D6B3A9F5E028310E1 /* Check Pods Manifest.lock */,
				02BE27761C4DD58F0062C890 /* Sources */,
				02BE27771C4DD58F0062C890 /* Frameworks */,
				02BE27781C4DD58F0062C890 /* Resources */,
				5C8EA64DDDDB324DA234F34D /* Embed Pods Frameworks */,
				06D66F055CBCF1E3917F5D24 /* Copy Pods Resources */,
			);
			buildRules = (
			);
			dependencies = (
			);
			name = Pickup;
			productName = Pickup;
			productReference = 02BE277A1C4DD58F0062C890 /* Pickup.app */;
			productType = "com.apple.product-type.application";
		};
/* End PBXNativeTarget section */

/* Begin PBXProject section */
		02BE27721C4DD58F0062C890 /* Project object */ = {
			isa = PBXProject;
			attributes = {
				LastSwiftUpdateCheck = 0720;
				LastUpgradeCheck = 0720;
				ORGANIZATIONNAME = Pickup;
				TargetAttributes = {
					02BE27791C4DD58F0062C890 = {
						CreatedOnToolsVersion = 7.2;
						DevelopmentTeam = 688R963LPG;
					};
				};
			};
			buildConfigurationList = 02BE27751C4DD58F0062C890 /* Build configuration list for PBXProject "Pickup" */;
			compatibilityVersion = "Xcode 3.2";
			developmentRegion = English;
			hasScannedForEncodings = 0;
			knownRegions = (
				en,
				Base,
			);
			mainGroup = 02BE27711C4DD58F0062C890;
			productRefGroup = 02BE277B1C4DD58F0062C890 /* Products */;
			projectDirPath = "";
			projectRoot = "";
			targets = (
				02BE27791C4DD58F0062C890 /* Pickup */,
			);
		};
/* End PBXProject section */

/* Begin PBXResourcesBuildPhase section */
		02BE27781C4DD58F0062C890 /* Resources */ = {
			isa = PBXResourcesBuildPhase;
			buildActionMask = 2147483647;
			files = (
				02BE27881C4DD58F0062C890 /* LaunchScreen.storyboard in Resources */,
				02B2F4AC1C5454730094766E /* Images.xcassets in Resources */,
				02BE27831C4DD58F0062C890 /* Main.storyboard in Resources */,
			);
			runOnlyForDeploymentPostprocessing = 0;
		};
/* End PBXResourcesBuildPhase section */

/* Begin PBXShellScriptBuildPhase section */
		06D66F055CBCF1E3917F5D24 /* Copy Pods Resources */ = {
			isa = PBXShellScriptBuildPhase;
			buildActionMask = 2147483647;
			files = (
			);
			inputPaths = (
			);
			name = "Copy Pods Resources";
			outputPaths = (
			);
			runOnlyForDeploymentPostprocessing = 0;
			shellPath = /bin/sh;
			shellScript = "\"${SRCROOT}/Pods/Target Support Files/Pods/Pods-resources.sh\"\n";
			showEnvVarsInLog = 0;
		};
		5C8EA64DDDDB324DA234F34D /* Embed Pods Frameworks */ = {
			isa = PBXShellScriptBuildPhase;
			buildActionMask = 2147483647;
			files = (
			);
			inputPaths = (
			);
			name = "Embed Pods Frameworks";
			outputPaths = (
			);
			runOnlyForDeploymentPostprocessing = 0;
			shellPath = /bin/sh;
			shellScript = "\"${SRCROOT}/Pods/Target Support Files/Pods/Pods-frameworks.sh\"\n";
			showEnvVarsInLog = 0;
		};
		5D656F3D6B3A9F5E028310E1 /* Check Pods Manifest.lock */ = {
			isa = PBXShellScriptBuildPhase;
			buildActionMask = 2147483647;
			files = (
			);
			inputPaths = (
			);
			name = "Check Pods Manifest.lock";
			outputPaths = (
			);
			runOnlyForDeploymentPostprocessing = 0;
			shellPath = /bin/sh;
			shellScript = "diff \"${PODS_ROOT}/../Podfile.lock\" \"${PODS_ROOT}/Manifest.lock\" > /dev/null\nif [[ $? != 0 ]] ; then\n    cat << EOM\nerror: The sandbox is not in sync with the Podfile.lock. Run 'pod install' or update your CocoaPods installation.\nEOM\n    exit 1\nfi\n";
			showEnvVarsInLog = 0;
		};
/* End PBXShellScriptBuildPhase section */

/* Begin PBXSourcesBuildPhase section */
		02BE27761C4DD58F0062C890 /* Sources */ = {
			isa = PBXSourcesBuildPhase;
			buildActionMask = 2147483647;
			files = (
				025330F71C56FAA600B6ABDD /* Theme.swift in Sources */,
				02B4E2F31C53FD2F000CC86C /* GamesViewController.swift in Sources */,
				02B4E2F51C53FD4D000CC86C /* GameDetailViewController.swift in Sources */,
				02BE277E1C4DD58F0062C890 /* AppDelegate.swift in Sources */,
				02ED11ED1C51904C001923EB /* GameType.swift in Sources */,
				02F08F3A1C52A5ED00A76EFB /* Player.swift in Sources */,
				02F08F3C1C52A7DF00A76EFB /* DummyDataController.swift in Sources */,
				02F08F381C529FEE00A76EFB /* Game.swift in Sources */,
				02F08F401C52ADF600A76EFB /* HomeViewController.swift in Sources */,
			);
			runOnlyForDeploymentPostprocessing = 0;
		};
/* End PBXSourcesBuildPhase section */

/* Begin PBXVariantGroup section */
		02BE27811C4DD58F0062C890 /* Main.storyboard */ = {
			isa = PBXVariantGroup;
			children = (
				02BE27821C4DD58F0062C890 /* Base */,
			);
			name = Main.storyboard;
			sourceTree = "<group>";
		};
		02BE27861C4DD58F0062C890 /* LaunchScreen.storyboard */ = {
			isa = PBXVariantGroup;
			children = (
				02BE27871C4DD58F0062C890 /* Base */,
			);
			name = LaunchScreen.storyboard;
			sourceTree = "<group>";
		};
/* End PBXVariantGroup section */

/* Begin XCBuildConfiguration section */
		02BE278A1C4DD58F0062C890 /* Debug */ = {
			isa = XCBuildConfiguration;
			buildSettings = {
				ALWAYS_SEARCH_USER_PATHS = NO;
				CLANG_CXX_LANGUAGE_STANDARD = "gnu++0x";
				CLANG_CXX_LIBRARY = "libc++";
				CLANG_ENABLE_MODULES = YES;
				CLANG_ENABLE_OBJC_ARC = YES;
				CLANG_WARN_BOOL_CONVERSION = YES;
				CLANG_WARN_CONSTANT_CONVERSION = YES;
				CLANG_WARN_DIRECT_OBJC_ISA_USAGE = YES_ERROR;
				CLANG_WARN_EMPTY_BODY = YES;
				CLANG_WARN_ENUM_CONVERSION = YES;
				CLANG_WARN_INT_CONVERSION = YES;
				CLANG_WARN_OBJC_ROOT_CLASS = YES_ERROR;
				CLANG_WARN_UNREACHABLE_CODE = YES;
				CLANG_WARN__DUPLICATE_METHOD_MATCH = YES;
				"CODE_SIGN_IDENTITY[sdk=iphoneos*]" = "iPhone Developer";
				COPY_PHASE_STRIP = NO;
				DEBUG_INFORMATION_FORMAT = dwarf;
				ENABLE_STRICT_OBJC_MSGSEND = YES;
				ENABLE_TESTABILITY = YES;
				GCC_C_LANGUAGE_STANDARD = gnu99;
				GCC_DYNAMIC_NO_PIC = NO;
				GCC_NO_COMMON_BLOCKS = YES;
				GCC_OPTIMIZATION_LEVEL = 0;
				GCC_PREPROCESSOR_DEFINITIONS = (
					"DEBUG=1",
					"$(inherited)",
				);
				GCC_WARN_64_TO_32_BIT_CONVERSION = YES;
				GCC_WARN_ABOUT_RETURN_TYPE = YES_ERROR;
				GCC_WARN_UNDECLARED_SELECTOR = YES;
				GCC_WARN_UNINITIALIZED_AUTOS = YES_AGGRESSIVE;
				GCC_WARN_UNUSED_FUNCTION = YES;
				GCC_WARN_UNUSED_VARIABLE = YES;
				IPHONEOS_DEPLOYMENT_TARGET = 9.2;
				MTL_ENABLE_DEBUG_INFO = YES;
				ONLY_ACTIVE_ARCH = YES;
				SDKROOT = iphoneos;
				SWIFT_OPTIMIZATION_LEVEL = "-Onone";
			};
			name = Debug;
		};
		02BE278B1C4DD58F0062C890 /* Release */ = {
			isa = XCBuildConfiguration;
			buildSettings = {
				ALWAYS_SEARCH_USER_PATHS = NO;
				CLANG_CXX_LANGUAGE_STANDARD = "gnu++0x";
				CLANG_CXX_LIBRARY = "libc++";
				CLANG_ENABLE_MODULES = YES;
				CLANG_ENABLE_OBJC_ARC = YES;
				CLANG_WARN_BOOL_CONVERSION = YES;
				CLANG_WARN_CONSTANT_CONVERSION = YES;
				CLANG_WARN_DIRECT_OBJC_ISA_USAGE = YES_ERROR;
				CLANG_WARN_EMPTY_BODY = YES;
				CLANG_WARN_ENUM_CONVERSION = YES;
				CLANG_WARN_INT_CONVERSION = YES;
				CLANG_WARN_OBJC_ROOT_CLASS = YES_ERROR;
				CLANG_WARN_UNREACHABLE_CODE = YES;
				CLANG_WARN__DUPLICATE_METHOD_MATCH = YES;
				"CODE_SIGN_IDENTITY[sdk=iphoneos*]" = "iPhone Developer";
				COPY_PHASE_STRIP = NO;
				DEBUG_INFORMATION_FORMAT = "dwarf-with-dsym";
				ENABLE_NS_ASSERTIONS = NO;
				ENABLE_STRICT_OBJC_MSGSEND = YES;
				GCC_C_LANGUAGE_STANDARD = gnu99;
				GCC_NO_COMMON_BLOCKS = YES;
				GCC_WARN_64_TO_32_BIT_CONVERSION = YES;
				GCC_WARN_ABOUT_RETURN_TYPE = YES_ERROR;
				GCC_WARN_UNDECLARED_SELECTOR = YES;
				GCC_WARN_UNINITIALIZED_AUTOS = YES_AGGRESSIVE;
				GCC_WARN_UNUSED_FUNCTION = YES;
				GCC_WARN_UNUSED_VARIABLE = YES;
				IPHONEOS_DEPLOYMENT_TARGET = 9.2;
				MTL_ENABLE_DEBUG_INFO = NO;
				SDKROOT = iphoneos;
				VALIDATE_PRODUCT = YES;
			};
			name = Release;
		};
		02BE278D1C4DD58F0062C890 /* Debug */ = {
			isa = XCBuildConfiguration;
			baseConfigurationReference = 2BBDCC8D68091F547D21395A /* Pods.debug.xcconfig */;
			buildSettings = {
				ASSETCATALOG_COMPILER_APPICON_NAME = AppIcon;
				CLANG_ENABLE_MODULES = YES;
				CODE_SIGN_IDENTITY = "iPhone Developer";
				"CODE_SIGN_IDENTITY[sdk=iphoneos*]" = "iPhone Developer";
				FRAMEWORK_SEARCH_PATHS = (
					"$(inherited)",
					"$(PROJECT_DIR)",
				);
				INFOPLIST_FILE = Pickup/Info.plist;
				LD_RUNPATH_SEARCH_PATHS = "$(inherited) @executable_path/Frameworks";
				PRODUCT_BUNDLE_IDENTIFIER = com.pickup.PickupSports;
				PRODUCT_NAME = "$(TARGET_NAME)";
				PROVISIONING_PROFILE = "";
				SWIFT_OBJC_BRIDGING_HEADER = "Pickup/Pickup-Bridging-Header.h";
				SWIFT_OPTIMIZATION_LEVEL = "-Onone";
			};
			name = Debug;
		};
		02BE278E1C4DD58F0062C890 /* Release */ = {
			isa = XCBuildConfiguration;
			baseConfigurationReference = 9F2736546A233D7FAFFF1A53 /* Pods.release.xcconfig */;
			buildSettings = {
				ASSETCATALOG_COMPILER_APPICON_NAME = AppIcon;
				CLANG_ENABLE_MODULES = YES;
				CODE_SIGN_IDENTITY = "iPhone Developer";
				"CODE_SIGN_IDENTITY[sdk=iphoneos*]" = "iPhone Developer";
				FRAMEWORK_SEARCH_PATHS = (
					"$(inherited)",
					"$(PROJECT_DIR)",
				);
				INFOPLIST_FILE = Pickup/Info.plist;
				LD_RUNPATH_SEARCH_PATHS = "$(inherited) @executable_path/Frameworks";
				PRODUCT_BUNDLE_IDENTIFIER = com.pickup.PickupSports;
				PRODUCT_NAME = "$(TARGET_NAME)";
				PROVISIONING_PROFILE = "";
				SWIFT_OBJC_BRIDGING_HEADER = "Pickup/Pickup-Bridging-Header.h";
			};
			name = Release;
		};
/* End XCBuildConfiguration section */

/* Begin XCConfigurationList section */
		02BE27751C4DD58F0062C890 /* Build configuration list for PBXProject "Pickup" */ = {
			isa = XCConfigurationList;
			buildConfigurations = (
				02BE278A1C4DD58F0062C890 /* Debug */,
				02BE278B1C4DD58F0062C890 /* Release */,
			);
			defaultConfigurationIsVisible = 0;
			defaultConfigurationName = Release;
		};
		02BE278C1C4DD58F0062C890 /* Build configuration list for PBXNativeTarget "Pickup" */ = {
			isa = XCConfigurationList;
			buildConfigurations = (
				02BE278D1C4DD58F0062C890 /* Debug */,
				02BE278E1C4DD58F0062C890 /* Release */,
			);
			defaultConfigurationIsVisible = 0;
			defaultConfigurationName = Release;
		};
/* End XCConfigurationList section */
	};
	rootObject = 02BE27721C4DD58F0062C890 /* Project object */;
}
